{
    "name": "depr-test",
    "version": "1.0.0",
    "lockfileVersion": 2,
    "requires": true,
    "packages": {
        "": {
            "name": "depr-test",
            "version": "1.0.0",
            "license": "MIT",
            "workspaces": [
                "packages/*"
            ],
            "engines": {
                "node": "16.16.0",
                "npm": "8.15.0"
            }
        },
        "node_modules/@depr-test/lib": {
            "resolved": "packages/lib",
            "link": true
        },
        "node_modules/@depr-test/main": {
            "resolved": "packages/main",
            "link": true
        },
        "node_modules/@depr-test/wrapper": {
            "resolved": "packages/wrapper",
            "link": true
        },
        "packages/lib": {
            "name": "@depr-test/lib",
            "version": "1.0.0",
            "license": "MIT"
        },
        "packages/main": {
            "name": "@depr-test/main",
            "version": "1.0.0",
            "license": "MIT"
        },
        "packages/wrapper": {
            "version": "1.0.0",
            "license": "MIT"
        }
    },
    "dependencies": {
        "@depr-test/lib": {
            "version": "file:packages/lib"
        },
        "@depr-test/main": {
            "version": "file:packages/main"
        },
        "@depr-test/wrapper": {
            "version": "file:packages/wrapper"
        }
    }
}
